
Microsoft Visual Studio Solution File, Format Version 12.00
# Visual Studio Version 17
VisualStudioVersion = 17.10.35013.160
MinimumVisualStudioVersion = 10.0.40219.1
Project("{9A19103F-16F7-4668-BE54-9A1E7A4F7556}") = "ONG.Api", "ONG.Api\ONG.Api.csproj", "{38CB156E-8DDA-4DE8-ADC7-A50F3C8C91DD}"
EndProject
Global
	GlobalSection(SolutionConfigurationPlatforms) = preSolution
		Debug|Any CPU = Debug|Any CPU
		Release|Any CPU = Release|Any CPU
	EndGlobalSection
	GlobalSection(ProjectConfigurationPlatforms) = postSolution
		{38CB156E-8DDA-4DE8-ADC7-A50F3C8C91DD}.Debug|Any CPU.ActiveCfg = Debug|Any CPU
		{38CB156E-8DDA-4DE8-ADC7-A50F3C8C91DD}.Debug|Any CPU.Build.0 = Debug|Any CPU
		{38CB156E-8DDA-4DE8-ADC7-A50F3C8C91DD}.Release|Any CPU.ActiveCfg = Release|Any CPU
		{38CB156E-8DDA-4DE8-ADC7-A50F3C8C91DD}.Release|Any CPU.Build.0 = Release|Any CPU
	EndGlobalSection
	GlobalSection(SolutionProperties) = preSolution
		HideSolutionNode = FALSE
	EndGlobalSection
	GlobalSection(ExtensibilityGlobals) = postSolution
		SolutionGuid = {D6A65C1C-2F05-4EF7-9248-D327A7729153}
	EndGlobalSection
EndGlobal
